# THIS IS AN AUTOGENERATED FILE. DO NOT EDIT THIS FILE DIRECTLY.
# yarn lockfile v1


react-toggle-switch@^3.0.4:
  version "3.0.4"
  resolved "https://registry.yarnpkg.com/react-toggle-switch/-/react-toggle-switch-3.0.4.tgz#87e516e2bbc421ce4998b8eb28b29457db180724"
  integrity sha512-eM2Izl0qNrdFZlmRwpXPpUjaYVISHVy8dxCN9l6eRZ7KpmrDsIGInDpoSRU2QPs596+Al+udOArdXX5wCRg0Gg==
